
Microsoft Visual Studio Solution File, Format Version 12.00
# Visual Studio 14
VisualStudioVersion = 14.0.24720.0
MinimumVisualStudioVersion = 10.0.40219.1
Project("{FAE04EC0-301F-11D3-BF4B-00C04F79EFBC}") = "InkPlatform", "InkPlatform\InkPlatform.csproj", "{41F464BC-A24D-41BD-9189-BB29D4B49EAA}"
EndProject
Project("{FAE04EC0-301F-11D3-BF4B-00C04F79EFBC}") = "InkPlatformTest", "InkPlatformTest\InkPlatformTest.csproj", "{E3F675E1-B2B3-4988-8A3B-22C2466B3F16}"
EndProject
Project("{FAE04EC0-301F-11D3-BF4B-00C04F79EFBC}") = "WintabDotNet", "WintabDN\WintabDotNet.csproj", "{73EAE30A-60B9-43A5-AD81-9B05873E405C}"
EndProject
Global
	GlobalSection(SolutionConfigurationPlatforms) = preSolution
		Debug|Any CPU = Debug|Any CPU
		Release|Any CPU = Release|Any CPU
	EndGlobalSection
	GlobalSection(ProjectConfigurationPlatforms) = postSolution
		{41F464BC-A24D-41BD-9189-BB29D4B49EAA}.Debug|Any CPU.ActiveCfg = Debug|Any CPU
		{41F464BC-A24D-41BD-9189-BB29D4B49EAA}.Debug|Any CPU.Build.0 = Debug|Any CPU
		{41F464BC-A24D-41BD-9189-BB29D4B49EAA}.Release|Any CPU.ActiveCfg = Release|Any CPU
		{41F464BC-A24D-41BD-9189-BB29D4B49EAA}.Release|Any CPU.Build.0 = Release|Any CPU
		{E3F675E1-B2B3-4988-8A3B-22C2466B3F16}.Debug|Any CPU.ActiveCfg = Debug|Any CPU
		{E3F675E1-B2B3-4988-8A3B-22C2466B3F16}.Debug|Any CPU.Build.0 = Debug|Any CPU
		{E3F675E1-B2B3-4988-8A3B-22C2466B3F16}.Release|Any CPU.ActiveCfg = Release|Any CPU
		{E3F675E1-B2B3-4988-8A3B-22C2466B3F16}.Release|Any CPU.Build.0 = Release|Any CPU
		{73EAE30A-60B9-43A5-AD81-9B05873E405C}.Debug|Any CPU.ActiveCfg = Debug|Any CPU
		{73EAE30A-60B9-43A5-AD81-9B05873E405C}.Debug|Any CPU.Build.0 = Debug|Any CPU
		{73EAE30A-60B9-43A5-AD81-9B05873E405C}.Release|Any CPU.ActiveCfg = Release|Any CPU
		{73EAE30A-60B9-43A5-AD81-9B05873E405C}.Release|Any CPU.Build.0 = Release|Any CPU
	EndGlobalSection
	GlobalSection(SolutionProperties) = preSolution
		HideSolutionNode = FALSE
	EndGlobalSection
EndGlobal
